Microsoft Visual Studio Solution File, Format Version 12.00
# Visual Studio Version 17
VisualStudioVersion = 17.0.31903.59
MinimumVisualStudioVersion = 10.0.40219.1
Project("{FAE04EC0-301F-11D3-BF4B-00C04F79EFBC}") = "ClinicaSim.Api", "src\ClinicaSim.Api\ClinicaSim.Api.csproj", "{A1D91128-6B9E-44D8-A0D0-93F452A7B6E4}"
EndProject
Project("{FAE04EC0-301F-11D3-BF4B-00C04F79EFBC}") = "ClinicaSim.Domain", "src\ClinicaSim.Domain\ClinicaSim.Domain.csproj", "{8D569D70-7E1B-4844-95A6-D632DD4F2458}"
EndProject
Project("{FAE04EC0-301F-11D3-BF4B-00C04F79EFBC}") = "ClinicaSim.Application", "src\ClinicaSim.Application\ClinicaSim.Application.csproj", "{4F98A79D-7353-4EB6-8EA5-31E34EEDCA31}"
EndProject
Project("{FAE04EC0-301F-11D3-BF4B-00C04F79EFBC}") = "ClinicaSim.Infrastructure", "src\ClinicaSim.Infrastructure\ClinicaSim.Infrastructure.csproj", "{B6F44896-BD3A-42BB-9A7E-20AFD5378E44}"
EndProject
Global
	GlobalSection(SolutionConfigurationPlatforms) = preSolution
		Debug|Any CPU = Debug|Any CPU
		Release|Any CPU = Release|Any CPU
	EndGlobalSection
	GlobalSection(ProjectConfigurationPlatforms) = postSolution
		{A1D91128-6B9E-44D8-A0D0-93F452A7B6E4}.Debug|Any CPU.ActiveCfg = Debug|Any CPU
		{A1D91128-6B9E-44D8-A0D0-93F452A7B6E4}.Debug|Any CPU.Build.0 = Debug|Any CPU
		{A1D91128-6B9E-44D8-A0D0-93F452A7B6E4}.Release|Any CPU.ActiveCfg = Release|Any CPU
		{A1D91128-6B9E-44D8-A0D0-93F452A7B6E4}.Release|Any CPU.Build.0 = Release|Any CPU
		{8D569D70-7E1B-4844-95A6-D632DD4F2458}.Debug|Any CPU.ActiveCfg = Debug|Any CPU
		{8D569D70-7E1B-4844-95A6-D632DD4F2458}.Debug|Any CPU.Build.0 = Debug|Any CPU
		{8D569D70-7E1B-4844-95A6-D632DD4F2458}.Release|Any CPU.ActiveCfg = Release|Any CPU
		{8D569D70-7E1B-4844-95A6-D632DD4F2458}.Release|Any CPU.Build.0 = Release|Any CPU
		{4F98A79D-7353-4EB6-8EA5-31E34EEDCA31}.Debug|Any CPU.ActiveCfg = Debug|Any CPU
		{4F98A79D-7353-4EB6-8EA5-31E34EEDCA31}.Debug|Any CPU.Build.0 = Debug|Any CPU
		{4F98A79D-7353-4EB6-8EA5-31E34EEDCA31}.Release|Any CPU.ActiveCfg = Release|Any CPU
		{4F98A79D-7353-4EB6-8EA5-31E34EEDCA31}.Release|Any CPU.Build.0 = Release|Any CPU
		{B6F44896-BD3A-42BB-9A7E-20AFD5378E44}.Debug|Any CPU.ActiveCfg = Debug|Any CPU
		{B6F44896-BD3A-42BB-9A7E-20AFD5378E44}.Debug|Any CPU.Build.0 = Debug|Any CPU
		{B6F44896-BD3A-42BB-9A7E-20AFD5378E44}.Release|Any CPU.ActiveCfg = Release|Any CPU
		{B6F44896-BD3A-42BB-9A7E-20AFD5378E44}.Release|Any CPU.Build.0 = Release|Any CPU
	EndGlobalSection
	GlobalSection(SolutionProperties) = preSolution
		HideSolutionNode = FALSE
	EndGlobalSection
EndGlobal
